
Microsoft Visual Studio Solution File, Format Version 12.00
# Visual Studio 2012
Project("{8BC9CEB8-8B4A-11D0-8D11-00A0C91BC942}") = "rdrand", "rdrand.vcxproj", "{E8E63C8D-9651-4D8A-84E6-196097107222}"
EndProject
Global
	GlobalSection(SolutionConfigurationPlatforms) = preSolution
		Debug|Win32 = Debug|Win32
		Debug|x64 = Debug|x64
		Release|Win32 = Release|Win32
		Release|x64 = Release|x64
	EndGlobalSection
	GlobalSection(ProjectConfigurationPlatforms) = postSolution
		{E8E63C8D-9651-4D8A-84E6-196097107222}.Debug|Win32.ActiveCfg = Debug|Win32
		{E8E63C8D-9651-4D8A-84E6-196097107222}.Debug|Win32.Build.0 = Debug|Win32
		{E8E63C8D-9651-4D8A-84E6-196097107222}.Debug|x64.ActiveCfg = Debug|x64
		{E8E63C8D-9651-4D8A-84E6-196097107222}.Debug|x64.Build.0 = Debug|x64
		{E8E63C8D-9651-4D8A-84E6-196097107222}.Release|Win32.ActiveCfg = Release|x64
		{E8E63C8D-9651-4D8A-84E6-196097107222}.Release|Win32.Build.0 = Release|x64
		{E8E63C8D-9651-4D8A-84E6-196097107222}.Release|x64.ActiveCfg = Release|x64
		{E8E63C8D-9651-4D8A-84E6-196097107222}.Release|x64.Build.0 = Release|x64
	EndGlobalSection
	GlobalSection(SolutionProperties) = preSolution
		HideSolutionNode = FALSE
	EndGlobalSection
EndGlobal
